PODS:
  - AFNetworking (2.2.3):
    - AFNetworking/NSURLConnection
    - AFNetworking/NSURLSession
    - AFNetworking/Reachability
    - AFNetworking/Security
    - AFNetworking/Serialization
    - AFNetworking/UIKit
  - AFNetworking/NSURLConnection (2.2.3):
    - AFNetworking/Reachability
    - AFNetworking/Security
    - AFNetworking/Serialization
  - AFNetworking/NSURLSession (2.2.3):
    - AFNetworking/NSURLConnection
  - AFNetworking/Reachability (2.2.3)
  - AFNetworking/Security (2.2.3)
  - AFNetworking/Serialization (2.2.3)
  - CocoaAsyncSocket (7.3.4)
  - GCDWebServer (2.4):
    - GCDWebServer/Core
  - GCDWebServer/Core (2.4)
  - NSString+RMURLEncoding (0.1.0)
  - ReactiveCocoa (2.3):
    - ReactiveCocoa/Core
    - ReactiveCocoa/no-arc
  - ReactiveCocoa/Core (2.3):
    - ReactiveCocoa/no-arc
  - ReactiveCocoa/no-arc (2.3)

DEPENDENCIES:
  - AFNetworking (~> 2.2)
  - CocoaAsyncSocket (~> 7.3)
  - GCDWebServer (~> 2.4)
  - NSString+RMURLEncoding (~> 0.1)
  - ReactiveCocoa (~> 2.3)

SPEC CHECKSUMS:
  AFNetworking: ae513199cca79e9d7af2708ccabe2ed075550c42
  CocoaAsyncSocket: 534d09416f992fd51efb23f534742ce70b3a7999
  GCDWebServer: fb6eba9a0fb08455cd762b6c035a5068b8f4960b
  NSString+RMURLEncoding: f2a8c822486cdbe5c46638e85bc159aaa3ebc2b8
  ReactiveCocoa: 1f6265f9d521923d3efcc37b00722cefc16df269

COCOAPODS: 0.32.1
